// !$*UTF8*$!
{
	archiveVersion = 1;
	classes = {
	};
	objectVersion = 56;
	objects = {

/* Begin PBXBuildFile section */
		4E1DF4DC2A363AA40030285F /* LaunchAtLogin in Frameworks */ = {isa = PBXBuildFile; productRef = 4E1DF4DB2A363AA40030285F /* LaunchAtLogin */; };
		4E2CEEE2299AEA5000D3C001 /* StatusBarItemController.swift in Sources */ = {isa = PBXBuildFile; fileRef = 4E2CEEE1299AEA5000D3C001 /* StatusBarItemController.swift */; };
		4E2CEEE4299AF7E000D3C001 /* PreferencesView.swift in Sources */ = {isa = PBXBuildFile; fileRef = 4E2CEEE3299AF7E000D3C001 /* PreferencesView.swift */; };
		4E3E4145299987E000AC5BFA /* Storage.swift in Sources */ = {isa = PBXBuildFile; fileRef = 4E3E4144299987E000AC5BFA /* Storage.swift */; };
		4E5004672995B8A900B916F3 /* CalendarEventsModel.swift in Sources */ = {isa = PBXBuildFile; fileRef = 4E5004662995B8A900B916F3 /* CalendarEventsModel.swift */; };
		4E83165F29A13CE600E14CD5 /* Defaults in Frameworks */ = {isa = PBXBuildFile; productRef = 4E83165E29A13CE600E14CD5 /* Defaults */; };
		4E83166129A13DE600E14CD5 /* DefaultsKeys.swift in Sources */ = {isa = PBXBuildFile; fileRef = 4E83166029A13DE600E14CD5 /* DefaultsKeys.swift */; };
		4ED1DEC32995303100098B04 /* MenuBarCalendarApp.swift in Sources */ = {isa = PBXBuildFile; fileRef = 4ED1DEC22995303100098B04 /* MenuBarCalendarApp.swift */; };
		4ED1DEC72995303400098B04 /* Assets.xcassets in Resources */ = {isa = PBXBuildFile; fileRef = 4ED1DEC62995303400098B04 /* Assets.xcassets */; };
		4ED1DECB2995303400098B04 /* Preview Assets.xcassets in Resources */ = {isa = PBXBuildFile; fileRef = 4ED1DECA2995303400098B04 /* Preview Assets.xcassets */; };
		4ED1DEF4299536A000098B04 /* AppDelegate.swift in Sources */ = {isa = PBXBuildFile; fileRef = 4ED1DEF3299536A000098B04 /* AppDelegate.swift */; };
/* End PBXBuildFile section */

/* Begin PBXFileReference section */
		4E2CEEE1299AEA5000D3C001 /* StatusBarItemController.swift */ = {isa = PBXFileReference; lastKnownFileType = sourcecode.swift; path = StatusBarItemController.swift; sourceTree = "<group>"; };
		4E2CEEE3299AF7E000D3C001 /* PreferencesView.swift */ = {isa = PBXFileReference; lastKnownFileType = sourcecode.swift; path = PreferencesView.swift; sourceTree = "<group>"; };
		4E3E4144299987E000AC5BFA /* Storage.swift */ = {isa = PBXFileReference; lastKnownFileType = sourcecode.swift; path = Storage.swift; sourceTree = "<group>"; };
		4E5004662995B8A900B916F3 /* CalendarEventsModel.swift */ = {isa = PBXFileReference; lastKnownFileType = sourcecode.swift; path = CalendarEventsModel.swift; sourceTree = "<group>"; };
		4E83166029A13DE600E14CD5 /* DefaultsKeys.swift */ = {isa = PBXFileReference; lastKnownFileType = sourcecode.swift; path = DefaultsKeys.swift; sourceTree = "<group>"; };
		4ED1DEBF2995303100098B04 /* MenuBarCalendar.app */ = {isa = PBXFileReference; explicitFileType = wrapper.application; includeInIndex = 0; path = MenuBarCalendar.app; sourceTree = BUILT_PRODUCTS_DIR; };
		4ED1DEC22995303100098B04 /* MenuBarCalendarApp.swift */ = {isa = PBXFileReference; lastKnownFileType = sourcecode.swift; path = MenuBarCalendarApp.swift; sourceTree = "<group>"; };
		4ED1DEC62995303400098B04 /* Assets.xcassets */ = {isa = PBXFileReference; lastKnownFileType = folder.assetcatalog; path = Assets.xcassets; sourceTree = "<group>"; };
		4ED1DEC82995303400098B04 /* MenuBarCalendar.entitlements */ = {isa = PBXFileReference; lastKnownFileType = text.plist.entitlements; path = MenuBarCalendar.entitlements; sourceTree = "<group>"; };
		4ED1DECA2995303400098B04 /* Preview Assets.xcassets */ = {isa = PBXFileReference; lastKnownFileType = folder.assetcatalog; path = "Preview Assets.xcassets"; sourceTree = "<group>"; };
		4ED1DEF3299536A000098B04 /* AppDelegate.swift */ = {isa = PBXFileReference; lastKnownFileType = sourcecode.swift; name = AppDelegate.swift; path = ../AppDelegate.swift; sourceTree = "<group>"; };
/* End PBXFileReference section */

/* Begin PBXFrameworksBuildPhase section */
		4ED1DEBC2995303100098B04 /* Frameworks */ = {
			isa = PBXFrameworksBuildPhase;
			buildActionMask = 2147483647;
			files = (
				4E1DF4DC2A363AA40030285F /* LaunchAtLogin in Frameworks */,
				4E83165F29A13CE600E14CD5 /* Defaults in Frameworks */,
			);
			runOnlyForDeploymentPostprocessing = 0;
		};
/* End PBXFrameworksBuildPhase section */

/* Begin PBXGroup section */
		4ED1DEB62995303000098B04 = {
			isa = PBXGroup;
			children = (
				4ED1DEC12995303100098B04 /* MenuBarCalendar */,
				4ED1DEC02995303100098B04 /* Products */,
			);
			sourceTree = "<group>";
		};
		4ED1DEC02995303100098B04 /* Products */ = {
			isa = PBXGroup;
			children = (
				4ED1DEBF2995303100098B04 /* MenuBarCalendar.app */,
			);
			name = Products;
			sourceTree = "<group>";
		};
		4ED1DEC12995303100098B04 /* MenuBarCalendar */ = {
			isa = PBXGroup;
			children = (
				4ED1DEC22995303100098B04 /* MenuBarCalendarApp.swift */,
				4ED1DEC62995303400098B04 /* Assets.xcassets */,
				4ED1DEC82995303400098B04 /* MenuBarCalendar.entitlements */,
				4ED1DEF3299536A000098B04 /* AppDelegate.swift */,
				4ED1DEC92995303400098B04 /* Preview Content */,
				4E5004662995B8A900B916F3 /* CalendarEventsModel.swift */,
				4E3E4144299987E000AC5BFA /* Storage.swift */,
				4E2CEEE1299AEA5000D3C001 /* StatusBarItemController.swift */,
				4E2CEEE3299AF7E000D3C001 /* PreferencesView.swift */,
				4E83166029A13DE600E14CD5 /* DefaultsKeys.swift */,
			);
			path = MenuBarCalendar;
			sourceTree = "<group>";
		};
		4ED1DEC92995303400098B04 /* Preview Content */ = {
			isa = PBXGroup;
			children = (
				4ED1DECA2995303400098B04 /* Preview Assets.xcassets */,
			);
			path = "Preview Content";
			sourceTree = "<group>";
		};
/* End PBXGroup section */

/* Begin PBXNativeTarget section */
		4ED1DEBE2995303100098B04 /* MenuBarCalendar */ = {
			isa = PBXNativeTarget;
			buildConfigurationList = 4ED1DEE42995303500098B04 /* Build configuration list for PBXNativeTarget "MenuBarCalendar" */;
			buildPhases = (
				4ED1DEBB2995303100098B04 /* Sources */,
				4ED1DEBC2995303100098B04 /* Frameworks */,
				4ED1DEBD2995303100098B04 /* Resources */,
				4E1DF4DD2A363C180030285F /* Launch at Login Helper” */,
			);
			buildRules = (
			);
			dependencies = (
			);
			name = MenuBarCalendar;
			packageProductDependencies = (
				4E83165E29A13CE600E14CD5 /* Defaults */,
				4E1DF4DB2A363AA40030285F /* LaunchAtLogin */,
			);
			productName = MenuBarCalendar;
			productReference = 4ED1DEBF2995303100098B04 /* MenuBarCalendar.app */;
			productType = "com.apple.product-type.application";
		};
/* End PBXNativeTarget section */

/* Begin PBXProject section */
		4ED1DEB72995303100098B04 /* Project object */ = {
			isa = PBXProject;
			attributes = {
				BuildIndependentTargetsInParallel = 1;
				LastSwiftUpdateCheck = 1420;
				LastUpgradeCheck = 1420;
				TargetAttributes = {
					4ED1DEBE2995303100098B04 = {
						CreatedOnToolsVersion = 14.2;
					};
				};
			};
			buildConfigurationList = 4ED1DEBA2995303100098B04 /* Build configuration list for PBXProject "MenuBarCalendar" */;
			compatibilityVersion = "Xcode 14.0";
			developmentRegion = en;
			hasScannedForEncodings = 0;
			knownRegions = (
				en,
				Base,
			);
			mainGroup = 4ED1DEB62995303000098B04;
			packageReferences = (
				4E83165D29A13CE600E14CD5 /* XCRemoteSwiftPackageReference "Defaults" */,
				4E1DF4DA2A363AA40030285F /* XCRemoteSwiftPackageReference "LaunchAtLogin" */,
			);
			productRefGroup = 4ED1DEC02995303100098B04 /* Products */;
			projectDirPath = "";
			projectRoot = "";
			targets = (
				4ED1DEBE2995303100098B04 /* MenuBarCalendar */,
			);
		};
/* End PBXProject section */

/* Begin PBXResourcesBuildPhase section */
		4ED1DEBD2995303100098B04 /* Resources */ = {
			isa = PBXResourcesBuildPhase;
			buildActionMask = 2147483647;
			files = (
				4ED1DECB2995303400098B04 /* Preview Assets.xcassets in Resources */,
				4ED1DEC72995303400098B04 /* Assets.xcassets in Resources */,
			);
			runOnlyForDeploymentPostprocessing = 0;
		};
/* End PBXResourcesBuildPhase section */

/* Begin PBXShellScriptBuildPhase section */
		4E1DF4DD2A363C180030285F /* Launch at Login Helper” */ = {
			isa = PBXShellScriptBuildPhase;
			alwaysOutOfDate = 1;
			buildActionMask = 2147483647;
			files = (
			);
			inputFileListPaths = (
			);
			inputPaths = (
			);
			name = "Launch at Login Helper”";
			outputFileListPaths = (
			);
			outputPaths = (
			);
			runOnlyForDeploymentPostprocessing = 0;
			shellPath = /bin/sh;
			shellScript = "# Type a script or drag a script file from your workspace to insert its path.\n\"${BUILT_PRODUCTS_DIR}/LaunchAtLogin_LaunchAtLogin.bundle/Contents/Resources/copy-helper-swiftpm.sh\"\n";
		};
/* End PBXShellScriptBuildPhase section */

/* Begin PBXSourcesBuildPhase section */
		4ED1DEBB2995303100098B04 /* Sources */ = {
			isa = PBXSourcesBuildPhase;
			buildActionMask = 2147483647;
			files = (
				4ED1DEF4299536A000098B04 /* AppDelegate.swift in Sources */,
				4E5004672995B8A900B916F3 /* CalendarEventsModel.swift in Sources */,
				4ED1DEC32995303100098B04 /* MenuBarCalendarApp.swift in Sources */,
				4E2CEEE2299AEA5000D3C001 /* StatusBarItemController.swift in Sources */,
				4E83166129A13DE600E14CD5 /* DefaultsKeys.swift in Sources */,
				4E3E4145299987E000AC5BFA /* Storage.swift in Sources */,
				4E2CEEE4299AF7E000D3C001 /* PreferencesView.swift in Sources */,
			);
			runOnlyForDeploymentPostprocessing = 0;
		};
/* End PBXSourcesBuildPhase section */

/* Begin XCBuildConfiguration section */
		4ED1DEE22995303500098B04 /* Debug */ = {
			isa = XCBuildConfiguration;
			buildSettings = {
				ALWAYS_SEARCH_USER_PATHS = NO;
				CLANG_ANALYZER_NONNULL = YES;
				CLANG_ANALYZER_NUMBER_OBJECT_CONVERSION = YES_AGGRESSIVE;
				CLANG_CXX_LANGUAGE_STANDARD = "gnu++20";
				CLANG_ENABLE_MODULES = YES;
				CLANG_ENABLE_OBJC_ARC = YES;
				CLANG_ENABLE_OBJC_WEAK = YES;
				CLANG_WARN_BLOCK_CAPTURE_AUTORELEASING = YES;
				CLANG_WARN_BOOL_CONVERSION = YES;
				CLANG_WARN_COMMA = YES;
				CLANG_WARN_CONSTANT_CONVERSION = YES;
				CLANG_WARN_DEPRECATED_OBJC_IMPLEMENTATIONS = YES;
				CLANG_WARN_DIRECT_OBJC_ISA_USAGE = YES_ERROR;
				CLANG_WARN_DOCUMENTATION_COMMENTS = YES;
				CLANG_WARN_EMPTY_BODY = YES;
				CLANG_WARN_ENUM_CONVERSION = YES;
				CLANG_WARN_INFINITE_RECURSION = YES;
				CLANG_WARN_INT_CONVERSION = YES;
				CLANG_WARN_NON_LITERAL_NULL_CONVERSION = YES;
				CLANG_WARN_OBJC_IMPLICIT_RETAIN_SELF = YES;
				CLANG_WARN_OBJC_LITERAL_CONVERSION = YES;
				CLANG_WARN_OBJC_ROOT_CLASS = YES_ERROR;
				CLANG_WARN_QUOTED_INCLUDE_IN_FRAMEWORK_HEADER = YES;
				CLANG_WARN_RANGE_LOOP_ANALYSIS = YES;
				CLANG_WARN_STRICT_PROTOTYPES = YES;
				CLANG_WARN_SUSPICIOUS_MOVE = YES;
				CLANG_WARN_UNGUARDED_AVAILABILITY = YES_AGGRESSIVE;
				CLANG_WARN_UNREACHABLE_CODE = YES;
				CLANG_WARN__DUPLICATE_METHOD_MATCH = YES;
				COPY_PHASE_STRIP = NO;
				DEBUG_INFORMATION_FORMAT = dwarf;
				ENABLE_STRICT_OBJC_MSGSEND = YES;
				ENABLE_TESTABILITY = YES;
				GCC_C_LANGUAGE_STANDARD = gnu11;
				GCC_DYNAMIC_NO_PIC = NO;
				GCC_NO_COMMON_BLOCKS = YES;
				GCC_OPTIMIZATION_LEVEL = 0;
				GCC_PREPROCESSOR_DEFINITIONS = (
					"DEBUG=1",
					"$(inherited)",
				);
				GCC_WARN_64_TO_32_BIT_CONVERSION = YES;
				GCC_WARN_ABOUT_RETURN_TYPE = YES_ERROR;
				GCC_WARN_UNDECLARED_SELECTOR = YES;
				GCC_WARN_UNINITIALIZED_AUTOS = YES_AGGRESSIVE;
				GCC_WARN_UNUSED_FUNCTION = YES;
				GCC_WARN_UNUSED_VARIABLE = YES;
				MTL_ENABLE_DEBUG_INFO = INCLUDE_SOURCE;
				MTL_FAST_MATH = YES;
				ONLY_ACTIVE_ARCH = YES;
				SWIFT_ACTIVE_COMPILATION_CONDITIONS = DEBUG;
				SWIFT_OPTIMIZATION_LEVEL = "-Onone";
			};
			name = Debug;
		};
		4ED1DEE32995303500098B04 /* Release */ = {
			isa = XCBuildConfiguration;
			buildSettings = {
				ALWAYS_SEARCH_USER_PATHS = NO;
				CLANG_ANALYZER_NONNULL = YES;
				CLANG_ANALYZER_NUMBER_OBJECT_CONVERSION = YES_AGGRESSIVE;
				CLANG_CXX_LANGUAGE_STANDARD = "gnu++20";
				CLANG_ENABLE_MODULES = YES;
				CLANG_ENABLE_OBJC_ARC = YES;
				CLANG_ENABLE_OBJC_WEAK = YES;
				CLANG_WARN_BLOCK_CAPTURE_AUTORELEASING = YES;
				CLANG_WARN_BOOL_CONVERSION = YES;
				CLANG_WARN_COMMA = YES;
				CLANG_WARN_CONSTANT_CONVERSION = YES;
				CLANG_WARN_DEPRECATED_OBJC_IMPLEMENTATIONS = YES;
				CLANG_WARN_DIRECT_OBJC_ISA_USAGE = YES_ERROR;
				CLANG_WARN_DOCUMENTATION_COMMENTS = YES;
				CLANG_WARN_EMPTY_BODY = YES;
				CLANG_WARN_ENUM_CONVERSION = YES;
				CLANG_WARN_INFINITE_RECURSION = YES;
				CLANG_WARN_INT_CONVERSION = YES;
				CLANG_WARN_NON_LITERAL_NULL_CONVERSION = YES;
				CLANG_WARN_OBJC_IMPLICIT_RETAIN_SELF = YES;
				CLANG_WARN_OBJC_LITERAL_CONVERSION = YES;
				CLANG_WARN_OBJC_ROOT_CLASS = YES_ERROR;
				CLANG_WARN_QUOTED_INCLUDE_IN_FRAMEWORK_HEADER = YES;
				CLANG_WARN_RANGE_LOOP_ANALYSIS = YES;
				CLANG_WARN_STRICT_PROTOTYPES = YES;
				CLANG_WARN_SUSPICIOUS_MOVE = YES;
				CLANG_WARN_UNGUARDED_AVAILABILITY = YES_AGGRESSIVE;
				CLANG_WARN_UNREACHABLE_CODE = YES;
				CLANG_WARN__DUPLICATE_METHOD_MATCH = YES;
				COPY_PHASE_STRIP = NO;
				DEBUG_INFORMATION_FORMAT = "dwarf-with-dsym";
				ENABLE_NS_ASSERTIONS = NO;
				ENABLE_STRICT_OBJC_MSGSEND = YES;
				GCC_C_LANGUAGE_STANDARD = gnu11;
				GCC_NO_COMMON_BLOCKS = YES;
				GCC_WARN_64_TO_32_BIT_CONVERSION = YES;
				GCC_WARN_ABOUT_RETURN_TYPE = YES_ERROR;
				GCC_WARN_UNDECLARED_SELECTOR = YES;
				GCC_WARN_UNINITIALIZED_AUTOS = YES_AGGRESSIVE;
				GCC_WARN_UNUSED_FUNCTION = YES;
				GCC_WARN_UNUSED_VARIABLE = YES;
				MTL_ENABLE_DEBUG_INFO = NO;
				MTL_FAST_MATH = YES;
				SWIFT_COMPILATION_MODE = wholemodule;
				SWIFT_OPTIMIZATION_LEVEL = "-O";
			};
			name = Release;
		};
		4ED1DEE52995303500098B04 /* Debug */ = {
			isa = XCBuildConfiguration;
			buildSettings = {
				ASSETCATALOG_COMPILER_APPICON_NAME = AppIcon;
				ASSETCATALOG_COMPILER_GLOBAL_ACCENT_COLOR_NAME = AccentColor;
				CODE_SIGN_ENTITLEMENTS = MenuBarCalendar/MenuBarCalendar.entitlements;
				CODE_SIGN_STYLE = Automatic;
				CURRENT_PROJECT_VERSION = 1;
				DEVELOPMENT_ASSET_PATHS = "\"MenuBarCalendar/Preview Content\"";
				DEVELOPMENT_TEAM = L99W7UY6VS;
				ENABLE_HARDENED_RUNTIME = YES;
				ENABLE_PREVIEWS = YES;
				GENERATE_INFOPLIST_FILE = YES;
				INFOPLIST_FILE = MenuBarCalendar/Info.plist;
				INFOPLIST_KEY_LSBackgroundOnly = YES;
				INFOPLIST_KEY_NSCalendarsUsageDescription = "Please allow Calendars";
				INFOPLIST_KEY_NSContactsUsageDescription = "Please allow Contacts";
				INFOPLIST_KEY_NSRemindersUsageDescription = "Please allow Reminders";
				"INFOPLIST_KEY_UIApplicationSceneManifest_Generation[sdk=iphoneos*]" = YES;
				"INFOPLIST_KEY_UIApplicationSceneManifest_Generation[sdk=iphonesimulator*]" = YES;
				"INFOPLIST_KEY_UIApplicationSupportsIndirectInputEvents[sdk=iphoneos*]" = YES;
				"INFOPLIST_KEY_UIApplicationSupportsIndirectInputEvents[sdk=iphonesimulator*]" = YES;
				"INFOPLIST_KEY_UILaunchScreen_Generation[sdk=iphoneos*]" = YES;
				"INFOPLIST_KEY_UILaunchScreen_Generation[sdk=iphonesimulator*]" = YES;
				"INFOPLIST_KEY_UIStatusBarStyle[sdk=iphoneos*]" = UIStatusBarStyleDefault;
				"INFOPLIST_KEY_UIStatusBarStyle[sdk=iphonesimulator*]" = UIStatusBarStyleDefault;
				INFOPLIST_KEY_UISupportedInterfaceOrientations_iPad = "UIInterfaceOrientationPortrait UIInterfaceOrientationPortraitUpsideDown UIInterfaceOrientationLandscapeLeft UIInterfaceOrientationLandscapeRight";
				INFOPLIST_KEY_UISupportedInterfaceOrientations_iPhone = "UIInterfaceOrientationPortrait UIInterfaceOrientationPortrait UIInterfaceOrientationLandscapeLeft";
				IPHONEOS_DEPLOYMENT_TARGET = 16.2;
				LD_RUNPATH_SEARCH_PATHS = "@executable_path/Frameworks";
				"LD_RUNPATH_SEARCH_PATHS[sdk=macosx*]" = "@executable_path/../Frameworks";
				MACOSX_DEPLOYMENT_TARGET = 12;
				MARKETING_VERSION = 1.0;
				PRODUCT_BUNDLE_IDENTIFIER = com.CAproj.MenuBarCalendar;
				PRODUCT_NAME = "$(TARGET_NAME)";
				SDKROOT = auto;
				SUPPORTED_PLATFORMS = macosx;
				SUPPORTS_MACCATALYST = NO;
				SUPPORTS_MAC_DESIGNED_FOR_IPHONE_IPAD = NO;
				SWIFT_EMIT_LOC_STRINGS = YES;
				SWIFT_VERSION = 5.0;
			};
			name = Debug;
		};
		4ED1DEE62995303500098B04 /* Release */ = {
			isa = XCBuildConfiguration;
			buildSettings = {
				ASSETCATALOG_COMPILER_APPICON_NAME = AppIcon;
				ASSETCATALOG_COMPILER_GLOBAL_ACCENT_COLOR_NAME = AccentColor;
				CODE_SIGN_ENTITLEMENTS = MenuBarCalendar/MenuBarCalendar.entitlements;
				CODE_SIGN_STYLE = Automatic;
				CURRENT_PROJECT_VERSION = 1;
				DEVELOPMENT_ASSET_PATHS = "\"MenuBarCalendar/Preview Content\"";
				DEVELOPMENT_TEAM = L99W7UY6VS;
				ENABLE_HARDENED_RUNTIME = YES;
				ENABLE_PREVIEWS = YES;
				GENERATE_INFOPLIST_FILE = YES;
				INFOPLIST_FILE = MenuBarCalendar/Info.plist;
				INFOPLIST_KEY_LSBackgroundOnly = YES;
				INFOPLIST_KEY_NSCalendarsUsageDescription = "Please allow Calendars";
				INFOPLIST_KEY_NSContactsUsageDescription = "Please allow Contacts";
				INFOPLIST_KEY_NSRemindersUsageDescription = "Please allow Reminders";
				"INFOPLIST_KEY_UIApplicationSceneManifest_Generation[sdk=iphoneos*]" = YES;
				"INFOPLIST_KEY_UIApplicationSceneManifest_Generation[sdk=iphonesimulator*]" = YES;
				"INFOPLIST_KEY_UIApplicationSupportsIndirectInputEvents[sdk=iphoneos*]" = YES;
				"INFOPLIST_KEY_UIApplicationSupportsIndirectInputEvents[sdk=iphonesimulator*]" = YES;
				"INFOPLIST_KEY_UILaunchScreen_Generation[sdk=iphoneos*]" = YES;
				"INFOPLIST_KEY_UILaunchScreen_Generation[sdk=iphonesimulator*]" = YES;
				"INFOPLIST_KEY_UIStatusBarStyle[sdk=iphoneos*]" = UIStatusBarStyleDefault;
				"INFOPLIST_KEY_UIStatusBarStyle[sdk=iphonesimulator*]" = UIStatusBarStyleDefault;
				INFOPLIST_KEY_UISupportedInterfaceOrientations_iPad = "UIInterfaceOrientationPortrait UIInterfaceOrientationPortraitUpsideDown UIInterfaceOrientationLandscapeLeft UIInterfaceOrientationLandscapeRight";
				INFOPLIST_KEY_UISupportedInterfaceOrientations_iPhone = "UIInterfaceOrientationPortrait UIInterfaceOrientationPortrait UIInterfaceOrientationLandscapeLeft";
				IPHONEOS_DEPLOYMENT_TARGET = 16.2;
				LD_RUNPATH_SEARCH_PATHS = "@executable_path/Frameworks";
				"LD_RUNPATH_SEARCH_PATHS[sdk=macosx*]" = "@executable_path/../Frameworks";
				MACOSX_DEPLOYMENT_TARGET = 12;
				MARKETING_VERSION = 1.0;
				PRODUCT_BUNDLE_IDENTIFIER = com.CAproj.MenuBarCalendar;
				PRODUCT_NAME = "$(TARGET_NAME)";
				SDKROOT = auto;
				SUPPORTED_PLATFORMS = macosx;
				SUPPORTS_MACCATALYST = NO;
				SUPPORTS_MAC_DESIGNED_FOR_IPHONE_IPAD = NO;
				SWIFT_EMIT_LOC_STRINGS = YES;
				SWIFT_VERSION = 5.0;
			};
			name = Release;
		};
/* End XCBuildConfiguration section */

/* Begin XCConfigurationList section */
		4ED1DEBA2995303100098B04 /* Build configuration list for PBXProject "MenuBarCalendar" */ = {
			isa = XCConfigurationList;
			buildConfigurations = (
				4ED1DEE22995303500098B04 /* Debug */,
				4ED1DEE32995303500098B04 /* Release */,
			);
			defaultConfigurationIsVisible = 0;
			defaultConfigurationName = Release;
		};
		4ED1DEE42995303500098B04 /* Build configuration list for PBXNativeTarget "MenuBarCalendar" */ = {
			isa = XCConfigurationList;
			buildConfigurations = (
				4ED1DEE52995303500098B04 /* Debug */,
				4ED1DEE62995303500098B04 /* Release */,
			);
			defaultConfigurationIsVisible = 0;
			defaultConfigurationName = Release;
		};
/* End XCConfigurationList section */

/* Begin XCRemoteSwiftPackageReference section */
		4E1DF4DA2A363AA40030285F /* XCRemoteSwiftPackageReference "LaunchAtLogin" */ = {
			isa = XCRemoteSwiftPackageReference;
			repositoryURL = "https://github.com/sindresorhus/LaunchAtLogin";
			requirement = {
				branch = main;
				kind = branch;
			};
		};
		4E83165D29A13CE600E14CD5 /* XCRemoteSwiftPackageReference "Defaults" */ = {
			isa = XCRemoteSwiftPackageReference;
			repositoryURL = "https://github.com/sindresorhus/Defaults";
			requirement = {
				branch = main;
				kind = branch;
			};
		};
/* End XCRemoteSwiftPackageReference section */

/* Begin XCSwiftPackageProductDependency section */
		4E1DF4DB2A363AA40030285F /* LaunchAtLogin */ = {
			isa = XCSwiftPackageProductDependency;
			package = 4E1DF4DA2A363AA40030285F /* XCRemoteSwiftPackageReference "LaunchAtLogin" */;
			productName = LaunchAtLogin;
		};
		4E83165E29A13CE600E14CD5 /* Defaults */ = {
			isa = XCSwiftPackageProductDependency;
			package = 4E83165D29A13CE600E14CD5 /* XCRemoteSwiftPackageReference "Defaults" */;
			productName = Defaults;
		};
/* End XCSwiftPackageProductDependency section */
	};
	rootObject = 4ED1DEB72995303100098B04 /* Project object */;
}
